
Microsoft Visual Studio Solution File, Format Version 12.00
# Visual Studio Version 17
VisualStudioVersion = 17.9.34728.123
MinimumVisualStudioVersion = 10.0.40219.1
Project("{FAE04EC0-301F-11D3-BF4B-00C04F79EFBC}") = "UD04TE01", "UD04TE01\UD04TE01.csproj", "{08862ACB-4064-4623-8BE2-2354272347B4}"
EndProject
Global
	GlobalSection(SolutionConfigurationPlatforms) = preSolution
		Debug|Any CPU = Debug|Any CPU
		Release|Any CPU = Release|Any CPU
	EndGlobalSection
	GlobalSection(ProjectConfigurationPlatforms) = postSolution
		{08862ACB-4064-4623-8BE2-2354272347B4}.Debug|Any CPU.ActiveCfg = Debug|Any CPU
		{08862ACB-4064-4623-8BE2-2354272347B4}.Debug|Any CPU.Build.0 = Debug|Any CPU
		{08862ACB-4064-4623-8BE2-2354272347B4}.Release|Any CPU.ActiveCfg = Release|Any CPU
		{08862ACB-4064-4623-8BE2-2354272347B4}.Release|Any CPU.Build.0 = Release|Any CPU
	EndGlobalSection
	GlobalSection(SolutionProperties) = preSolution
		HideSolutionNode = FALSE
	EndGlobalSection
	GlobalSection(ExtensibilityGlobals) = postSolution
		SolutionGuid = {81176E25-690F-4EB9-99E3-32596FFF330D}
	EndGlobalSection
EndGlobal
